
Microsoft Visual Studio Solution File, Format Version 12.00
# Visual Studio 15
VisualStudioVersion = 15.0.26730.15
MinimumVisualStudioVersion = 10.0.40219.1
Project("{FAE04EC0-301F-11D3-BF4B-00C04F79EFBC}") = "Merb.ExpressNormalizer", "Merb.ExpressNormalizer\Merb.ExpressNormalizer.csproj", "{D8E3D714-AAD2-40AB-9963-2346FED4B6C5}"
EndProject
Project("{FAE04EC0-301F-11D3-BF4B-00C04F79EFBC}") = "Merb.ExpressNormalizer.Tests", "Merb.ExpressNormalizer.Tests\Merb.ExpressNormalizer.Tests.csproj", "{697B6715-8586-4556-B7AF-C3F23ABC7BA4}"
EndProject
Global
	GlobalSection(SolutionConfigurationPlatforms) = preSolution
		Debug|Any CPU = Debug|Any CPU
		Release|Any CPU = Release|Any CPU
	EndGlobalSection
	GlobalSection(ProjectConfigurationPlatforms) = postSolution
		{D8E3D714-AAD2-40AB-9963-2346FED4B6C5}.Debug|Any CPU.ActiveCfg = Debug|Any CPU
		{D8E3D714-AAD2-40AB-9963-2346FED4B6C5}.Debug|Any CPU.Build.0 = Debug|Any CPU
		{D8E3D714-AAD2-40AB-9963-2346FED4B6C5}.Release|Any CPU.ActiveCfg = Release|Any CPU
		{D8E3D714-AAD2-40AB-9963-2346FED4B6C5}.Release|Any CPU.Build.0 = Release|Any CPU
		{697B6715-8586-4556-B7AF-C3F23ABC7BA4}.Debug|Any CPU.ActiveCfg = Debug|Any CPU
		{697B6715-8586-4556-B7AF-C3F23ABC7BA4}.Debug|Any CPU.Build.0 = Debug|Any CPU
		{697B6715-8586-4556-B7AF-C3F23ABC7BA4}.Release|Any CPU.ActiveCfg = Release|Any CPU
		{697B6715-8586-4556-B7AF-C3F23ABC7BA4}.Release|Any CPU.Build.0 = Release|Any CPU
	EndGlobalSection
	GlobalSection(SolutionProperties) = preSolution
		HideSolutionNode = FALSE
	EndGlobalSection
	GlobalSection(ExtensibilityGlobals) = postSolution
		SolutionGuid = {4915D531-D2BC-4E01-ABD9-BAB2D471A578}
	EndGlobalSection
EndGlobal
